{
  "name": "miniapp",
  "version": "1.0.0",
  "lockfileVersion": 1,
  "requires": true,
  "dependencies": {
    "@dcloudio/types": {
      "version": "3.2.11",
      "resolved": "http://101.68.79.42:4873/@dcloudio%2ftypes/-/types-3.2.11.tgz",
      "integrity": "sha512-Ws+pUiQMvCcSjg0soF+vTTwwsdNlK/1cxIfo5LBBDFPoXfUAAh6k9HnCt5cudERNhY0M3wE7ATMx/1Cb9bmUig==",
      "dev": true
    },
    "uview-ui": {
      "version": "2.0.35",
      "resolved": "http://101.68.79.42:4873/uview-ui/-/uview-ui-2.0.35.tgz",
      "integrity": "sha512-OfMttN3XkHvQosXfd8bjz8ASTvypPoGzBWmQZBJ871bYMCA7t2bDFPlzjbxUj/5ykAjKnZ8zMUapSwSisVt99g=="
    }
  }
}
